// !$*UTF8*$!
{
	archiveVersion = 1;
	classes = {
	};
	objectVersion = 77;
	objects = {

/* Begin PBXContainerItemProxy section */
		C1C874762F04A3C400ECEC07 /* PBXContainerItemProxy */ = {
			isa = PBXContainerItemProxy;
			containerPortal = C1C8745F2F04A3C200ECEC07 /* Project object */;
			proxyType = 1;
			remoteGlobalIDString = C1C874662F04A3C200ECEC07;
			remoteInfo = Brockbuster;
		};
		C1C874802F04A3C400ECEC07 /* PBXContainerItemProxy */ = {
			isa = PBXContainerItemProxy;
			containerPortal = C1C8745F2F04A3C200ECEC07 /* Project object */;
			proxyType = 1;
			remoteGlobalIDString = C1C874662F04A3C200ECEC07;
			remoteInfo = Brockbuster;
		};
		C1C874A32F04A4C000ECEC07 /* PBXContainerItemProxy */ = {
			isa = PBXContainerItemProxy;
			containerPortal = C1C8745F2F04A3C200ECEC07 /* Project object */;
			proxyType = 1;
			remoteGlobalIDString = C1C874952F04A4BD00ECEC07;
			remoteInfo = "Brockbuster-tvOS";
		};
		C1C874AD2F04A4C000ECEC07 /* PBXContainerItemProxy */ = {
			isa = PBXContainerItemProxy;
			containerPortal = C1C8745F2F04A3C200ECEC07 /* Project object */;
			proxyType = 1;
			remoteGlobalIDString = C1C874952F04A4BD00ECEC07;
			remoteInfo = "Brockbuster-tvOS";
		};
/* End PBXContainerItemProxy section */

/* Begin PBXFileReference section */
		C11A30102F08CEAE00C0DAA1 /* Brockbuster.xcodeproj */ = {isa = PBXFileReference; lastKnownFileType = "wrapper.pb-project"; path = Brockbuster.xcodeproj; sourceTree = "<group>"; };
		C11A360C2F0B004700C0DAA1 /* Brockbuster.xcodeproj */ = {isa = PBXFileReference; lastKnownFileType = "wrapper.pb-project"; path = Brockbuster.xcodeproj; sourceTree = "<group>"; };
		C11A40702F0B4E4700C0DAA1 /* Brockbuster.xcodeproj */ = {isa = PBXFileReference; lastKnownFileType = "wrapper.pb-project"; path = Brockbuster.xcodeproj; sourceTree = "<group>"; };
		C16E0E372F07562F0083BF0F /* Brockbuster.xcodeproj */ = {isa = PBXFileReference; lastKnownFileType = "wrapper.pb-project"; path = Brockbuster.xcodeproj; sourceTree = "<group>"; };
		C1C874672F04A3C200ECEC07 /* Brockbuster.app */ = {isa = PBXFileReference; explicitFileType = wrapper.application; includeInIndex = 0; path = Brockbuster.app; sourceTree = BUILT_PRODUCTS_DIR; };
		C1C874752F04A3C400ECEC07 /* BrockbusterTests.xctest */ = {isa = PBXFileReference; explicitFileType = wrapper.cfbundle; includeInIndex = 0; path = BrockbusterTests.xctest; sourceTree = BUILT_PRODUCTS_DIR; };
		C1C8747F2F04A3C400ECEC07 /* BrockbusterUITests.xctest */ = {isa = PBXFileReference; explicitFileType = wrapper.cfbundle; includeInIndex = 0; path = BrockbusterUITests.xctest; sourceTree = BUILT_PRODUCTS_DIR; };
		C1C874962F04A4BD00ECEC07 /* Brockbuster-tvOS.app */ = {isa = PBXFileReference; explicitFileType = wrapper.application; includeInIndex = 0; path = "Brockbuster-tvOS.app"; sourceTree = BUILT_PRODUCTS_DIR; };
		C1C874A22F04A4C000ECEC07 /* Brockbuster-tvOSTests.xctest */ = {isa = PBXFileReference; explicitFileType = wrapper.cfbundle; includeInIndex = 0; path = "Brockbuster-tvOSTests.xctest"; sourceTree = BUILT_PRODUCTS_DIR; };
		C1C874AC2F04A4C000ECEC07 /* Brockbuster-tvOSUITests.xctest */ = {isa = PBXFileReference; explicitFileType = wrapper.cfbundle; includeInIndex = 0; path = "Brockbuster-tvOSUITests.xctest"; sourceTree = BUILT_PRODUCTS_DIR; };
/* End PBXFileReference section */

/* Begin PBXFileSystemSynchronizedRootGroup section */
		C1C874692F04A3C200ECEC07 /* Brockbuster */ = {
			isa = PBXFileSystemSynchronizedRootGroup;
			path = Brockbuster;
			sourceTree = "<group>";
		};
		C1C874782F04A3C400ECEC07 /* BrockbusterTests */ = {
			isa = PBXFileSystemSynchronizedRootGroup;
			path = BrockbusterTests;
			sourceTree = "<group>";
		};
		C1C874822F04A3C400ECEC07 /* BrockbusterUITests */ = {
			isa = PBXFileSystemSynchronizedRootGroup;
			path = BrockbusterUITests;
			sourceTree = "<group>";
		};
		C1C874972F04A4BD00ECEC07 /* Brockbuster-tvOS */ = {
			isa = PBXFileSystemSynchronizedRootGroup;
			path = "Brockbuster-tvOS";
			sourceTree = "<group>";
		};
		C1C874A52F04A4C000ECEC07 /* Brockbuster-tvOSTests */ = {
			isa = PBXFileSystemSynchronizedRootGroup;
			path = "Brockbuster-tvOSTests";
			sourceTree = "<group>";
		};
		C1C874AF2F04A4C000ECEC07 /* Brockbuster-tvOSUITests */ = {
			isa = PBXFileSystemSynchronizedRootGroup;
			path = "Brockbuster-tvOSUITests";
			sourceTree = "<group>";
		};
/* End PBXFileSystemSynchronizedRootGroup section */

/* Begin PBXFrameworksBuildPhase section */
		C1C874642F04A3C200ECEC07 /* Frameworks */ = {
			isa = PBXFrameworksBuildPhase;
			buildActionMask = 2147483647;
			files = (
			);
			runOnlyForDeploymentPostprocessing = 0;
		};
		C1C874722F04A3C400ECEC07 /* Frameworks */ = {
			isa = PBXFrameworksBuildPhase;
			buildActionMask = 2147483647;
			files = (
			);
			runOnlyForDeploymentPostprocessing = 0;
		};
		C1C8747C2F04A3C400ECEC07 /* Frameworks */ = {
			isa = PBXFrameworksBuildPhase;
			buildActionMask = 2147483647;
			files = (
			);
			runOnlyForDeploymentPostprocessing = 0;
		};
		C1C874932F04A4BD00ECEC07 /* Frameworks */ = {
			isa = PBXFrameworksBuildPhase;
			buildActionMask = 2147483647;
			files = (
			);
			runOnlyForDeploymentPostprocessing = 0;
		};
		C1C8749F2F04A4C000ECEC07 /* Frameworks */ = {
			isa = PBXFrameworksBuildPhase;
			buildActionMask = 2147483647;
			files = (
			);
			runOnlyForDeploymentPostprocessing = 0;
		};
		C1C874A92F04A4C000ECEC07 /* Frameworks */ = {
			isa = PBXFrameworksBuildPhase;
			buildActionMask = 2147483647;
			files = (
			);
			runOnlyForDeploymentPostprocessing = 0;
		};
/* End PBXFrameworksBuildPhase section */

/* Begin PBXGroup section */
		C11A30132F08CEAE00C0DAA1 /* Products */ = {
			isa = PBXGroup;
			children = (
			);
			name = Products;
			sourceTree = "<group>";
		};
		C11A360F2F0B004700C0DAA1 /* Products */ = {
			isa = PBXGroup;
			children = (
			);
			name = Products;
			sourceTree = "<group>";
		};
		C11A40732F0B4E4700C0DAA1 /* Products */ = {
			isa = PBXGroup;
			children = (
			);
			name = Products;
			sourceTree = "<group>";
		};
		C16E0E382F07562F0083BF0F /* Products */ = {
			isa = PBXGroup;
			children = (
			);
			name = Products;
			sourceTree = "<group>";
		};
		C1C8745E2F04A3C200ECEC07 = {
			isa = PBXGroup;
			children = (
				C1C874692F04A3C200ECEC07 /* Brockbuster */,
				C1C874782F04A3C400ECEC07 /* BrockbusterTests */,
				C1C874822F04A3C400ECEC07 /* BrockbusterUITests */,
				C1C874972F04A4BD00ECEC07 /* Brockbuster-tvOS */,
				C1C874A52F04A4C000ECEC07 /* Brockbuster-tvOSTests */,
				C1C874AF2F04A4C000ECEC07 /* Brockbuster-tvOSUITests */,
				C1C874682F04A3C200ECEC07 /* Products */,
			);
			sourceTree = "<group>";
		};
		C1C874682F04A3C200ECEC07 /* Products */ = {
			isa = PBXGroup;
			children = (
				C1C874672F04A3C200ECEC07 /* Brockbuster.app */,
				C1C874752F04A3C400ECEC07 /* BrockbusterTests.xctest */,
				C1C8747F2F04A3C400ECEC07 /* BrockbusterUITests.xctest */,
				C1C874962F04A4BD00ECEC07 /* Brockbuster-tvOS.app */,
				C1C874A22F04A4C000ECEC07 /* Brockbuster-tvOSTests.xctest */,
				C1C874AC2F04A4C000ECEC07 /* Brockbuster-tvOSUITests.xctest */,
			);
			name = Products;
			sourceTree = "<group>";
		};
/* End PBXGroup section */

/* Begin PBXNativeTarget section */
		C1C874662F04A3C200ECEC07 /* Brockbuster */ = {
			isa = PBXNativeTarget;
			buildConfigurationList = C1C874892F04A3C400ECEC07 /* Build configuration list for PBXNativeTarget "Brockbuster" */;
			buildPhases = (
				C1C874632F04A3C200ECEC07 /* Sources */,
				C1C874642F04A3C200ECEC07 /* Frameworks */,
				C1C874652F04A3C200ECEC07 /* Resources */,
			);
			buildRules = (
			);
			dependencies = (
			);
			fileSystemSynchronizedGroups = (
				C1C874692F04A3C200ECEC07 /* Brockbuster */,
			);
			name = Brockbuster;
			packageProductDependencies = (
			);
			productName = Brockbuster;
			productReference = C1C874672F04A3C200ECEC07 /* Brockbuster.app */;
			productType = "com.apple.product-type.application";
		};
		C1C874742F04A3C400ECEC07 /* BrockbusterTests */ = {
			isa = PBXNativeTarget;
			buildConfigurationList = C1C8748C2F04A3C400ECEC07 /* Build configuration list for PBXNativeTarget "BrockbusterTests" */;
			buildPhases = (
				C1C874712F04A3C400ECEC07 /* Sources */,
				C1C874722F04A3C400ECEC07 /* Frameworks */,
				C1C874732F04A3C400ECEC07 /* Resources */,
			);
			buildRules = (
			);
			dependencies = (
				C1C874772F04A3C400ECEC07 /* PBXTargetDependency */,
			);
			fileSystemSynchronizedGroups = (
				C1C874782F04A3C400ECEC07 /* BrockbusterTests */,
			);
			name = BrockbusterTests;
			packageProductDependencies = (
			);
			productName = BrockbusterTests;
			productReference = C1C874752F04A3C400ECEC07 /* BrockbusterTests.xctest */;
			productType = "com.apple.product-type.bundle.unit-test";
		};
		C1C8747E2F04A3C400ECEC07 /* BrockbusterUITests */ = {
			isa = PBXNativeTarget;
			buildConfigurationList = C1C8748F2F04A3C400ECEC07 /* Build configuration list for PBXNativeTarget "BrockbusterUITests" */;
			buildPhases = (
				C1C8747B2F04A3C400ECEC07 /* Sources */,
				C1C8747C2F04A3C400ECEC07 /* Frameworks */,
				C1C8747D2F04A3C400ECEC07 /* Resources */,
			);
			buildRules = (
			);
			dependencies = (
				C1C874812F04A3C400ECEC07 /* PBXTargetDependency */,
			);
			fileSystemSynchronizedGroups = (
				C1C874822F04A3C400ECEC07 /* BrockbusterUITests */,
			);
			name = BrockbusterUITests;
			packageProductDependencies = (
			);
			productName = BrockbusterUITests;
			productReference = C1C8747F2F04A3C400ECEC07 /* BrockbusterUITests.xctest */;
			productType = "com.apple.product-type.bundle.ui-testing";
		};
		C1C874952F04A4BD00ECEC07 /* Brockbuster-tvOS */ = {
			isa = PBXNativeTarget;
			buildConfigurationList = C1C874B42F04A4C000ECEC07 /* Build configuration list for PBXNativeTarget "Brockbuster-tvOS" */;
			buildPhases = (
				C1C874922F04A4BD00ECEC07 /* Sources */,
				C1C874932F04A4BD00ECEC07 /* Frameworks */,
				C1C874942F04A4BD00ECEC07 /* Resources */,
			);
			buildRules = (
			);
			dependencies = (
			);
			fileSystemSynchronizedGroups = (
				C1C874972F04A4BD00ECEC07 /* Brockbuster-tvOS */,
			);
			name = "Brockbuster-tvOS";
			packageProductDependencies = (
			);
			productName = "Brockbuster-tvOS";
			productReference = C1C874962F04A4BD00ECEC07 /* Brockbuster-tvOS.app */;
			productType = "com.apple.product-type.application";
		};
		C1C874A12F04A4C000ECEC07 /* Brockbuster-tvOSTests */ = {
			isa = PBXNativeTarget;
			buildConfigurationList = C1C874B72F04A4C000ECEC07 /* Build configuration list for PBXNativeTarget "Brockbuster-tvOSTests" */;
			buildPhases = (
				C1C8749E2F04A4C000ECEC07 /* Sources */,
				C1C8749F2F04A4C000ECEC07 /* Frameworks */,
				C1C874A02F04A4C000ECEC07 /* Resources */,
			);
			buildRules = (
			);
			dependencies = (
				C1C874A42F04A4C000ECEC07 /* PBXTargetDependency */,
			);
			fileSystemSynchronizedGroups = (
				C1C874A52F04A4C000ECEC07 /* Brockbuster-tvOSTests */,
			);
			name = "Brockbuster-tvOSTests";
			packageProductDependencies = (
			);
			productName = "Brockbuster-tvOSTests";
			productReference = C1C874A22F04A4C000ECEC07 /* Brockbuster-tvOSTests.xctest */;
			productType = "com.apple.product-type.bundle.unit-test";
		};
		C1C874AB2F04A4C000ECEC07 /* Brockbuster-tvOSUITests */ = {
			isa = PBXNativeTarget;
			buildConfigurationList = C1C874BA2F04A4C000ECEC07 /* Build configuration list for PBXNativeTarget "Brockbuster-tvOSUITests" */;
			buildPhases = (
				C1C874A82F04A4C000ECEC07 /* Sources */,
				C1C874A92F04A4C000ECEC07 /* Frameworks */,
				C1C874AA2F04A4C000ECEC07 /* Resources */,
			);
			buildRules = (
			);
			dependencies = (
				C1C874AE2F04A4C000ECEC07 /* PBXTargetDependency */,
			);
			fileSystemSynchronizedGroups = (
				C1C874AF2F04A4C000ECEC07 /* Brockbuster-tvOSUITests */,
			);
			name = "Brockbuster-tvOSUITests";
			packageProductDependencies = (
			);
			productName = "Brockbuster-tvOSUITests";
			productReference = C1C874AC2F04A4C000ECEC07 /* Brockbuster-tvOSUITests.xctest */;
			productType = "com.apple.product-type.bundle.ui-testing";
		};
/* End PBXNativeTarget section */

/* Begin PBXProject section */
		C1C8745F2F04A3C200ECEC07 /* Project object */ = {
			isa = PBXProject;
			attributes = {
				BuildIndependentTargetsInParallel = 1;
				LastSwiftUpdateCheck = 1640;
				LastUpgradeCheck = 2620;
				TargetAttributes = {
					C1C874662F04A3C200ECEC07 = {
						CreatedOnToolsVersion = 16.4;
					};
					C1C874742F04A3C400ECEC07 = {
						CreatedOnToolsVersion = 16.4;
						TestTargetID = C1C874662F04A3C200ECEC07;
					};
					C1C8747E2F04A3C400ECEC07 = {
						CreatedOnToolsVersion = 16.4;
						TestTargetID = C1C874662F04A3C200ECEC07;
					};
					C1C874952F04A4BD00ECEC07 = {
						CreatedOnToolsVersion = 16.4;
					};
					C1C874A12F04A4C000ECEC07 = {
						CreatedOnToolsVersion = 16.4;
						TestTargetID = C1C874952F04A4BD00ECEC07;
					};
					C1C874AB2F04A4C000ECEC07 = {
						CreatedOnToolsVersion = 16.4;
						TestTargetID = C1C874952F04A4BD00ECEC07;
					};
				};
			};
			buildConfigurationList = C1C874622F04A3C200ECEC07 /* Build configuration list for PBXProject "Brockbuster" */;
			developmentRegion = en;
			hasScannedForEncodings = 0;
			knownRegions = (
				en,
				Base,
			);
			mainGroup = C1C8745E2F04A3C200ECEC07;
			minimizedProjectReferenceProxies = 1;
			preferredProjectObjectVersion = 77;
			productRefGroup = C1C874682F04A3C200ECEC07 /* Products */;
			projectDirPath = "";
			projectReferences = (
				{
					ProductGroup = C11A40732F0B4E4700C0DAA1 /* Products */;
					ProjectRef = C11A40702F0B4E4700C0DAA1 /* Brockbuster.xcodeproj */;
				},
				{
					ProductGroup = C11A360F2F0B004700C0DAA1 /* Products */;
					ProjectRef = C11A360C2F0B004700C0DAA1 /* Brockbuster.xcodeproj */;
				},
				{
					ProductGroup = C16E0E382F07562F0083BF0F /* Products */;
					ProjectRef = C16E0E372F07562F0083BF0F /* Brockbuster.xcodeproj */;
				},
				{
					ProductGroup = C11A30132F08CEAE00C0DAA1 /* Products */;
					ProjectRef = C11A30102F08CEAE00C0DAA1 /* Brockbuster.xcodeproj */;
				},
			);
			projectRoot = "";
			targets = (
				C1C874662F04A3C200ECEC07 /* Brockbuster */,
				C1C874742F04A3C400ECEC07 /* BrockbusterTests */,
				C1C8747E2F04A3C400ECEC07 /* BrockbusterUITests */,
				C1C874952F04A4BD00ECEC07 /* Brockbuster-tvOS */,
				C1C874A12F04A4C000ECEC07 /* Brockbuster-tvOSTests */,
				C1C874AB2F04A4C000ECEC07 /* Brockbuster-tvOSUITests */,
			);
		};
/* End PBXProject section */

/* Begin PBXResourcesBuildPhase section */
		C1C874652F04A3C200ECEC07 /* Resources */ = {
			isa = PBXResourcesBuildPhase;
			buildActionMask = 2147483647;
			files = (
			);
			runOnlyForDeploymentPostprocessing = 0;
		};
		C1C874732F04A3C400ECEC07 /* Resources */ = {
			isa = PBXResourcesBuildPhase;
			buildActionMask = 2147483647;
			files = (
			);
			runOnlyForDeploymentPostprocessing = 0;
		};
		C1C8747D2F04A3C400ECEC07 /* Resources */ = {
			isa = PBXResourcesBuildPhase;
			buildActionMask = 2147483647;
			files = (
			);
			runOnlyForDeploymentPostprocessing = 0;
		};
		C1C874942F04A4BD00ECEC07 /* Resources */ = {
			isa = PBXResourcesBuildPhase;
			buildActionMask = 2147483647;
			files = (
			);
			runOnlyForDeploymentPostprocessing = 0;
		};
		C1C874A02F04A4C000ECEC07 /* Resources */ = {
			isa = PBXResourcesBuildPhase;
			buildActionMask = 2147483647;
			files = (
			);
			runOnlyForDeploymentPostprocessing = 0;
		};
		C1C874AA2F04A4C000ECEC07 /* Resources */ = {
			isa = PBXResourcesBuildPhase;
			buildActionMask = 2147483647;
			files = (
			);
			runOnlyForDeploymentPostprocessing = 0;
		};
/* End PBXResourcesBuildPhase section */

/* Begin PBXSourcesBuildPhase section */
		C1C874632F04A3C200ECEC07 /* Sources */ = {
			isa = PBXSourcesBuildPhase;
			buildActionMask = 2147483647;
			files = (
			);
			runOnlyForDeploymentPostprocessing = 0;
		};
		C1C874712F04A3C400ECEC07 /* Sources */ = {
			isa = PBXSourcesBuildPhase;
			buildActionMask = 2147483647;
			files = (
			);
			runOnlyForDeploymentPostprocessing = 0;
		};
		C1C8747B2F04A3C400ECEC07 /* Sources */ = {
			isa = PBXSourcesBuildPhase;
			buildActionMask = 2147483647;
			files = (
			);
			runOnlyForDeploymentPostprocessing = 0;
		};
		C1C874922F04A4BD00ECEC07 /* Sources */ = {
			isa = PBXSourcesBuildPhase;
			buildActionMask = 2147483647;
			files = (
			);
			runOnlyForDeploymentPostprocessing = 0;
		};
		C1C8749E2F04A4C000ECEC07 /* Sources */ = {
			isa = PBXSourcesBuildPhase;
			buildActionMask = 2147483647;
			files = (
			);
			runOnlyForDeploymentPostprocessing = 0;
		};
		C1C874A82F04A4C000ECEC07 /* Sources */ = {
			isa = PBXSourcesBuildPhase;
			buildActionMask = 2147483647;
			files = (
			);
			runOnlyForDeploymentPostprocessing = 0;
		};
/* End PBXSourcesBuildPhase section */

/* Begin PBXTargetDependency section */
		C1C874772F04A3C400ECEC07 /* PBXTargetDependency */ = {
			isa = PBXTargetDependency;
			target = C1C874662F04A3C200ECEC07 /* Brockbuster */;
			targetProxy = C1C874762F04A3C400ECEC07 /* PBXContainerItemProxy */;
		};
		C1C874812F04A3C400ECEC07 /* PBXTargetDependency */ = {
			isa = PBXTargetDependency;
			target = C1C874662F04A3C200ECEC07 /* Brockbuster */;
			targetProxy = C1C874802F04A3C400ECEC07 /* PBXContainerItemProxy */;
		};
		C1C874A42F04A4C000ECEC07 /* PBXTargetDependency */ = {
			isa = PBXTargetDependency;
			target = C1C874952F04A4BD00ECEC07 /* Brockbuster-tvOS */;
			targetProxy = C1C874A32F04A4C000ECEC07 /* PBXContainerItemProxy */;
		};
		C1C874AE2F04A4C000ECEC07 /* PBXTargetDependency */ = {
			isa = PBXTargetDependency;
			target = C1C874952F04A4BD00ECEC07 /* Brockbuster-tvOS */;
			targetProxy = C1C874AD2F04A4C000ECEC07 /* PBXContainerItemProxy */;
		};
/* End PBXTargetDependency section */

/* Begin XCBuildConfiguration section */
		C1C874872F04A3C400ECEC07 /* Debug */ = {
			isa = XCBuildConfiguration;
			buildSettings = {
				ALWAYS_SEARCH_USER_PATHS = NO;
				ASSETCATALOG_COMPILER_GENERATE_SWIFT_ASSET_SYMBOL_EXTENSIONS = YES;
				CLANG_ANALYZER_NONNULL = YES;
				CLANG_ANALYZER_NUMBER_OBJECT_CONVERSION = YES_AGGRESSIVE;
				CLANG_CXX_LANGUAGE_STANDARD = "gnu++20";
				CLANG_ENABLE_MODULES = YES;
				CLANG_ENABLE_OBJC_ARC = YES;
				CLANG_ENABLE_OBJC_WEAK = YES;
				CLANG_WARN_BLOCK_CAPTURE_AUTORELEASING = YES;
				CLANG_WARN_BOOL_CONVERSION = YES;
				CLANG_WARN_COMMA = YES;
				CLANG_WARN_CONSTANT_CONVERSION = YES;
				CLANG_WARN_DEPRECATED_OBJC_IMPLEMENTATIONS = YES;
				CLANG_WARN_DIRECT_OBJC_ISA_USAGE = YES_ERROR;
				CLANG_WARN_DOCUMENTATION_COMMENTS = YES;
				CLANG_WARN_EMPTY_BODY = YES;
				CLANG_WARN_ENUM_CONVERSION = YES;
				CLANG_WARN_INFINITE_RECURSION = YES;
				CLANG_WARN_INT_CONVERSION = YES;
				CLANG_WARN_NON_LITERAL_NULL_CONVERSION = YES;
				CLANG_WARN_OBJC_IMPLICIT_RETAIN_SELF = YES;
				CLANG_WARN_OBJC_LITERAL_CONVERSION = YES;
				CLANG_WARN_OBJC_ROOT_CLASS = YES_ERROR;
				CLANG_WARN_QUOTED_INCLUDE_IN_FRAMEWORK_HEADER = YES;
				CLANG_WARN_RANGE_LOOP_ANALYSIS = YES;
				CLANG_WARN_STRICT_PROTOTYPES = YES;
				CLANG_WARN_SUSPICIOUS_MOVE = YES;
				CLANG_WARN_UNGUARDED_AVAILABILITY = YES_AGGRESSIVE;
				CLANG_WARN_UNREACHABLE_CODE = YES;
				CLANG_WARN__DUPLICATE_METHOD_MATCH = YES;
				COPY_PHASE_STRIP = NO;
				DEAD_CODE_STRIPPING = YES;
				DEBUG_INFORMATION_FORMAT = dwarf;
				DEVELOPMENT_TEAM = 72SP356B46;
				ENABLE_STRICT_OBJC_MSGSEND = YES;
				ENABLE_TESTABILITY = YES;
				ENABLE_USER_SCRIPT_SANDBOXING = YES;
				GCC_C_LANGUAGE_STANDARD = gnu17;
				GCC_DYNAMIC_NO_PIC = NO;
				GCC_NO_COMMON_BLOCKS = YES;
				GCC_OPTIMIZATION_LEVEL = 0;
				GCC_PREPROCESSOR_DEFINITIONS = (
					"DEBUG=1",
					"$(inherited)",
				);
				GCC_WARN_64_TO_32_BIT_CONVERSION = YES;
				GCC_WARN_ABOUT_RETURN_TYPE = YES_ERROR;
				GCC_WARN_UNDECLARED_SELECTOR = YES;
				GCC_WARN_UNINITIALIZED_AUTOS = YES_AGGRESSIVE;
				GCC_WARN_UNUSED_FUNCTION = YES;
				GCC_WARN_UNUSED_VARIABLE = YES;
				LOCALIZATION_PREFERS_STRING_CATALOGS = YES;
				MTL_ENABLE_DEBUG_INFO = INCLUDE_SOURCE;
				MTL_FAST_MATH = YES;
				ONLY_ACTIVE_ARCH = YES;
				STRING_CATALOG_GENERATE_SYMBOLS = YES;
				SWIFT_ACTIVE_COMPILATION_CONDITIONS = "DEBUG $(inherited)";
				SWIFT_OPTIMIZATION_LEVEL = "-Onone";
			};
			name = Debug;
		};
		C1C874882F04A3C400ECEC07 /* Release */ = {
			isa = XCBuildConfiguration;
			buildSettings = {
				ALWAYS_SEARCH_USER_PATHS = NO;
				ASSETCATALOG_COMPILER_GENERATE_SWIFT_ASSET_SYMBOL_EXTENSIONS = YES;
				CLANG_ANALYZER_NONNULL = YES;
				CLANG_ANALYZER_NUMBER_OBJECT_CONVERSION = YES_AGGRESSIVE;
				CLANG_CXX_LANGUAGE_STANDARD = "gnu++20";
				CLANG_ENABLE_MODULES = YES;
				CLANG_ENABLE_OBJC_ARC = YES;
				CLANG_ENABLE_OBJC_WEAK = YES;
				CLANG_WARN_BLOCK_CAPTURE_AUTORELEASING = YES;
				CLANG_WARN_BOOL_CONVERSION = YES;
				CLANG_WARN_COMMA = YES;
				CLANG_WARN_CONSTANT_CONVERSION = YES;
				CLANG_WARN_DEPRECATED_OBJC_IMPLEMENTATIONS = YES;
				CLANG_WARN_DIRECT_OBJC_ISA_USAGE = YES_ERROR;
				CLANG_WARN_DOCUMENTATION_COMMENTS = YES;
				CLANG_WARN_EMPTY_BODY = YES;
				CLANG_WARN_ENUM_CONVERSION = YES;
				CLANG_WARN_INFINITE_RECURSION = YES;
				CLANG_WARN_INT_CONVERSION = YES;
				CLANG_WARN_NON_LITERAL_NULL_CONVERSION = YES;
				CLANG_WARN_OBJC_IMPLICIT_RETAIN_SELF = YES;
				CLANG_WARN_OBJC_LITERAL_CONVERSION = YES;
				CLANG_WARN_OBJC_ROOT_CLASS = YES_ERROR;
				CLANG_WARN_QUOTED_INCLUDE_IN_FRAMEWORK_HEADER = YES;
				CLANG_WARN_RANGE_LOOP_ANALYSIS = YES;
				CLANG_WARN_STRICT_PROTOTYPES = YES;
				CLANG_WARN_SUSPICIOUS_MOVE = YES;
				CLANG_WARN_UNGUARDED_AVAILABILITY = YES_AGGRESSIVE;
				CLANG_WARN_UNREACHABLE_CODE = YES;
				CLANG_WARN__DUPLICATE_METHOD_MATCH = YES;
				COPY_PHASE_STRIP = NO;
				DEAD_CODE_STRIPPING = YES;
				DEBUG_INFORMATION_FORMAT = "dwarf-with-dsym";
				DEVELOPMENT_TEAM = 72SP356B46;
				ENABLE_NS_ASSERTIONS = NO;
				ENABLE_STRICT_OBJC_MSGSEND = YES;
				ENABLE_USER_SCRIPT_SANDBOXING = YES;
				GCC_C_LANGUAGE_STANDARD = gnu17;
				GCC_NO_COMMON_BLOCKS = YES;
				GCC_WARN_64_TO_32_BIT_CONVERSION = YES;
				GCC_WARN_ABOUT_RETURN_TYPE = YES_ERROR;
				GCC_WARN_UNDECLARED_SELECTOR = YES;
				GCC_WARN_UNINITIALIZED_AUTOS = YES_AGGRESSIVE;
				GCC_WARN_UNUSED_FUNCTION = YES;
				GCC_WARN_UNUSED_VARIABLE = YES;
				LOCALIZATION_PREFERS_STRING_CATALOGS = YES;
				MTL_ENABLE_DEBUG_INFO = NO;
				MTL_FAST_MATH = YES;
				STRING_CATALOG_GENERATE_SYMBOLS = YES;
				SWIFT_COMPILATION_MODE = wholemodule;
			};
			name = Release;
		};
		C1C8748A2F04A3C400ECEC07 /* Debug */ = {
			isa = XCBuildConfiguration;
			buildSettings = {
				ASSETCATALOG_COMPILER_APPICON_NAME = AppIcon;
				ASSETCATALOG_COMPILER_GLOBAL_ACCENT_COLOR_NAME = AccentColor;
				CODE_SIGN_ENTITLEMENTS = Brockbuster/Brockbuster.entitlements;
				CODE_SIGN_STYLE = Automatic;
				CURRENT_PROJECT_VERSION = 1;
				DEAD_CODE_STRIPPING = YES;
				DEVELOPMENT_TEAM = 72SP356B46;
				ENABLE_APP_SANDBOX = YES;
				ENABLE_HARDENED_RUNTIME = YES;
				ENABLE_PREVIEWS = YES;
				ENABLE_USER_SELECTED_FILES = readonly;
				GENERATE_INFOPLIST_FILE = YES;
				INFOPLIST_KEY_CFBundleDisplayName = Brockbuster;
				INFOPLIST_KEY_LSApplicationCategoryType = "public.app-category.entertainment";
				"INFOPLIST_KEY_UIApplicationSceneManifest_Generation[sdk=iphoneos*]" = YES;
				"INFOPLIST_KEY_UIApplicationSceneManifest_Generation[sdk=iphonesimulator*]" = YES;
				"INFOPLIST_KEY_UIApplicationSupportsIndirectInputEvents[sdk=iphoneos*]" = YES;
				"INFOPLIST_KEY_UIApplicationSupportsIndirectInputEvents[sdk=iphonesimulator*]" = YES;
				"INFOPLIST_KEY_UIBackgroundModes[sdk=iphoneos*]" = "audio picture-in-picture";
				"INFOPLIST_KEY_UIBackgroundModes[sdk=iphonesimulator*]" = "audio picture-in-picture";
				"INFOPLIST_KEY_UILaunchScreen_Generation[sdk=iphoneos*]" = YES;
				"INFOPLIST_KEY_UILaunchScreen_Generation[sdk=iphonesimulator*]" = YES;
				"INFOPLIST_KEY_UIStatusBarStyle[sdk=iphoneos*]" = UIStatusBarStyleDefault;
				"INFOPLIST_KEY_UIStatusBarStyle[sdk=iphonesimulator*]" = UIStatusBarStyleDefault;
				INFOPLIST_KEY_UISupportedInterfaceOrientations_iPad = "UIInterfaceOrientationPortrait UIInterfaceOrientationPortraitUpsideDown UIInterfaceOrientationLandscapeLeft UIInterfaceOrientationLandscapeRight";
				INFOPLIST_KEY_UISupportedInterfaceOrientations_iPhone = "UIInterfaceOrientationPortrait UIInterfaceOrientationLandscapeLeft UIInterfaceOrientationLandscapeRight";
				IPHONEOS_DEPLOYMENT_TARGET = 18.5;
				LD_RUNPATH_SEARCH_PATHS = "@executable_path/Frameworks";
				"LD_RUNPATH_SEARCH_PATHS[sdk=macosx*]" = "@executable_path/../Frameworks";
				MACOSX_DEPLOYMENT_TARGET = 26.0;
				MARKETING_VERSION = 1.0;
				PRODUCT_BUNDLE_IDENTIFIER = brock.Brockbuster;
				PRODUCT_NAME = "$(TARGET_NAME)";
				REGISTER_APP_GROUPS = YES;
				SDKROOT = auto;
				SUPPORTED_PLATFORMS = "appletvos appletvsimulator iphoneos iphonesimulator macosx";
				SUPPORTS_MACCATALYST = NO;
				SWIFT_EMIT_LOC_STRINGS = YES;
				SWIFT_VERSION = 5.0;
				TARGETED_DEVICE_FAMILY = "1,2,3";
				TVOS_DEPLOYMENT_TARGET = 26.0;
				XROS_DEPLOYMENT_TARGET = 2.5;
			};
			name = Debug;
		};
		C1C8748B2F04A3C400ECEC07 /* Release */ = {
			isa = XCBuildConfiguration;
			buildSettings = {
				ASSETCATALOG_COMPILER_APPICON_NAME = AppIcon;
				ASSETCATALOG_COMPILER_GLOBAL_ACCENT_COLOR_NAME = AccentColor;
				CODE_SIGN_ENTITLEMENTS = Brockbuster/Brockbuster.entitlements;
				CODE_SIGN_STYLE = Automatic;
				CURRENT_PROJECT_VERSION = 1;
				DEAD_CODE_STRIPPING = YES;
				DEVELOPMENT_TEAM = 72SP356B46;
				ENABLE_APP_SANDBOX = YES;
				ENABLE_HARDENED_RUNTIME = YES;
				ENABLE_PREVIEWS = YES;
				ENABLE_USER_SELECTED_FILES = readonly;
				GENERATE_INFOPLIST_FILE = YES;
				INFOPLIST_KEY_CFBundleDisplayName = Brockbuster;
				INFOPLIST_KEY_LSApplicationCategoryType = "public.app-category.entertainment";
				"INFOPLIST_KEY_UIApplicationSceneManifest_Generation[sdk=iphoneos*]" = YES;
				"INFOPLIST_KEY_UIApplicationSceneManifest_Generation[sdk=iphonesimulator*]" = YES;
				"INFOPLIST_KEY_UIApplicationSupportsIndirectInputEvents[sdk=iphoneos*]" = YES;
				"INFOPLIST_KEY_UIApplicationSupportsIndirectInputEvents[sdk=iphonesimulator*]" = YES;
				"INFOPLIST_KEY_UIBackgroundModes[sdk=iphoneos*]" = "audio picture-in-picture";
				"INFOPLIST_KEY_UIBackgroundModes[sdk=iphonesimulator*]" = "audio picture-in-picture";
				"INFOPLIST_KEY_UILaunchScreen_Generation[sdk=iphoneos*]" = YES;
				"INFOPLIST_KEY_UILaunchScreen_Generation[sdk=iphonesimulator*]" = YES;
				"INFOPLIST_KEY_UIStatusBarStyle[sdk=iphoneos*]" = UIStatusBarStyleDefault;
				"INFOPLIST_KEY_UIStatusBarStyle[sdk=iphonesimulator*]" = UIStatusBarStyleDefault;
				INFOPLIST_KEY_UISupportedInterfaceOrientations_iPad = "UIInterfaceOrientationPortrait UIInterfaceOrientationPortraitUpsideDown UIInterfaceOrientationLandscapeLeft UIInterfaceOrientationLandscapeRight";
				INFOPLIST_KEY_UISupportedInterfaceOrientations_iPhone = "UIInterfaceOrientationPortrait UIInterfaceOrientationLandscapeLeft UIInterfaceOrientationLandscapeRight";
				IPHONEOS_DEPLOYMENT_TARGET = 18.5;
				LD_RUNPATH_SEARCH_PATHS = "@executable_path/Frameworks";
				"LD_RUNPATH_SEARCH_PATHS[sdk=macosx*]" = "@executable_path/../Frameworks";
				MACOSX_DEPLOYMENT_TARGET = 26.0;
				MARKETING_VERSION = 1.0;
				PRODUCT_BUNDLE_IDENTIFIER = brock.Brockbuster;
				PRODUCT_NAME = "$(TARGET_NAME)";
				REGISTER_APP_GROUPS = YES;
				SDKROOT = auto;
				SUPPORTED_PLATFORMS = "appletvos appletvsimulator iphoneos iphonesimulator macosx";
				SUPPORTS_MACCATALYST = NO;
				SWIFT_EMIT_LOC_STRINGS = YES;
				SWIFT_VERSION = 5.0;
				TARGETED_DEVICE_FAMILY = "1,2,3";
				TVOS_DEPLOYMENT_TARGET = 26.0;
				XROS_DEPLOYMENT_TARGET = 2.5;
			};
			name = Release;
		};
		C1C8748D2F04A3C400ECEC07 /* Debug */ = {
			isa = XCBuildConfiguration;
			buildSettings = {
				BUNDLE_LOADER = "$(TEST_HOST)";
				CODE_SIGN_STYLE = Automatic;
				CURRENT_PROJECT_VERSION = 1;
				DEAD_CODE_STRIPPING = YES;
				DEVELOPMENT_TEAM = 72SP356B46;
				GENERATE_INFOPLIST_FILE = YES;
				IPHONEOS_DEPLOYMENT_TARGET = 18.5;
				MACOSX_DEPLOYMENT_TARGET = 15.5;
				MARKETING_VERSION = 1.0;
				PRODUCT_BUNDLE_IDENTIFIER = lol.BrockbusterTests;
				PRODUCT_NAME = "$(TARGET_NAME)";
				SDKROOT = auto;
				SUPPORTED_PLATFORMS = "iphoneos iphonesimulator macosx xros xrsimulator";
				SWIFT_EMIT_LOC_STRINGS = NO;
				SWIFT_VERSION = 5.0;
				TARGETED_DEVICE_FAMILY = "1,2,7";
				TEST_HOST = "$(BUILT_PRODUCTS_DIR)/Brockbuster.app/$(BUNDLE_EXECUTABLE_FOLDER_PATH)/Brockbuster";
				XROS_DEPLOYMENT_TARGET = 2.5;
			};
			name = Debug;
		};
		C1C8748E2F04A3C400ECEC07 /* Release */ = {
			isa = XCBuildConfiguration;
			buildSettings = {
				BUNDLE_LOADER = "$(TEST_HOST)";
				CODE_SIGN_STYLE = Automatic;
				CURRENT_PROJECT_VERSION = 1;
				DEAD_CODE_STRIPPING = YES;
				DEVELOPMENT_TEAM = 72SP356B46;
				GENERATE_INFOPLIST_FILE = YES;
				IPHONEOS_DEPLOYMENT_TARGET = 18.5;
				MACOSX_DEPLOYMENT_TARGET = 15.5;
				MARKETING_VERSION = 1.0;
				PRODUCT_BUNDLE_IDENTIFIER = lol.BrockbusterTests;
				PRODUCT_NAME = "$(TARGET_NAME)";
				SDKROOT = auto;
				SUPPORTED_PLATFORMS = "iphoneos iphonesimulator macosx xros xrsimulator";
				SWIFT_EMIT_LOC_STRINGS = NO;
				SWIFT_VERSION = 5.0;
				TARGETED_DEVICE_FAMILY = "1,2,7";
				TEST_HOST = "$(BUILT_PRODUCTS_DIR)/Brockbuster.app/$(BUNDLE_EXECUTABLE_FOLDER_PATH)/Brockbuster";
				XROS_DEPLOYMENT_TARGET = 2.5;
			};
			name = Release;
		};
		C1C874902F04A3C400ECEC07 /* Debug */ = {
			isa = XCBuildConfiguration;
			buildSettings = {
				CODE_SIGN_STYLE = Automatic;
				CURRENT_PROJECT_VERSION = 1;
				DEAD_CODE_STRIPPING = YES;
				DEVELOPMENT_TEAM = 72SP356B46;
				GENERATE_INFOPLIST_FILE = YES;
				IPHONEOS_DEPLOYMENT_TARGET = 18.5;
				MACOSX_DEPLOYMENT_TARGET = 15.5;
				MARKETING_VERSION = 1.0;
				PRODUCT_BUNDLE_IDENTIFIER = lol.BrockbusterUITests;
				PRODUCT_NAME = "$(TARGET_NAME)";
				SDKROOT = auto;
				SUPPORTED_PLATFORMS = "iphoneos iphonesimulator macosx xros xrsimulator";
				SWIFT_EMIT_LOC_STRINGS = NO;
				SWIFT_VERSION = 5.0;
				TARGETED_DEVICE_FAMILY = "1,2,7";
				TEST_TARGET_NAME = Brockbuster;
				XROS_DEPLOYMENT_TARGET = 2.5;
			};
			name = Debug;
		};
		C1C874912F04A3C400ECEC07 /* Release */ = {
			isa = XCBuildConfiguration;
			buildSettings = {
				CODE_SIGN_STYLE = Automatic;
				CURRENT_PROJECT_VERSION = 1;
				DEAD_CODE_STRIPPING = YES;
				DEVELOPMENT_TEAM = 72SP356B46;
				GENERATE_INFOPLIST_FILE = YES;
				IPHONEOS_DEPLOYMENT_TARGET = 18.5;
				MACOSX_DEPLOYMENT_TARGET = 15.5;
				MARKETING_VERSION = 1.0;
				PRODUCT_BUNDLE_IDENTIFIER = lol.BrockbusterUITests;
				PRODUCT_NAME = "$(TARGET_NAME)";
				SDKROOT = auto;
				SUPPORTED_PLATFORMS = "iphoneos iphonesimulator macosx xros xrsimulator";
				SWIFT_EMIT_LOC_STRINGS = NO;
				SWIFT_VERSION = 5.0;
				TARGETED_DEVICE_FAMILY = "1,2,7";
				TEST_TARGET_NAME = Brockbuster;
				XROS_DEPLOYMENT_TARGET = 2.5;
			};
			name = Release;
		};
		C1C874B52F04A4C000ECEC07 /* Debug */ = {
			isa = XCBuildConfiguration;
			buildSettings = {
				ASSETCATALOG_COMPILER_APPICON_NAME = "App Icon & Top Shelf Image";
				ASSETCATALOG_COMPILER_GLOBAL_ACCENT_COLOR_NAME = AccentColor;
				CODE_SIGN_STYLE = Automatic;
				CURRENT_PROJECT_VERSION = 1;
				DEVELOPMENT_TEAM = 72SP356B46;
				ENABLE_PREVIEWS = YES;
				GENERATE_INFOPLIST_FILE = YES;
				INFOPLIST_KEY_UILaunchScreen_Generation = YES;
				INFOPLIST_KEY_UIUserInterfaceStyle = Automatic;
				LD_RUNPATH_SEARCH_PATHS = (
					"$(inherited)",
					"@executable_path/Frameworks",
				);
				MARKETING_VERSION = 1.0;
				PRODUCT_BUNDLE_IDENTIFIER = "lol.Brockbuster-tvOS";
				PRODUCT_NAME = "$(TARGET_NAME)";
				SDKROOT = appletvos;
				SWIFT_EMIT_LOC_STRINGS = YES;
				SWIFT_VERSION = 5.0;
				TARGETED_DEVICE_FAMILY = 3;
				TVOS_DEPLOYMENT_TARGET = 18.5;
			};
			name = Debug;
		};
		C1C874B62F04A4C000ECEC07 /* Release */ = {
			isa = XCBuildConfiguration;
			buildSettings = {
				ASSETCATALOG_COMPILER_APPICON_NAME = "App Icon & Top Shelf Image";
				ASSETCATALOG_COMPILER_GLOBAL_ACCENT_COLOR_NAME = AccentColor;
				CODE_SIGN_STYLE = Automatic;
				CURRENT_PROJECT_VERSION = 1;
				DEVELOPMENT_TEAM = 72SP356B46;
				ENABLE_PREVIEWS = YES;
				GENERATE_INFOPLIST_FILE = YES;
				INFOPLIST_KEY_UILaunchScreen_Generation = YES;
				INFOPLIST_KEY_UIUserInterfaceStyle = Automatic;
				LD_RUNPATH_SEARCH_PATHS = (
					"$(inherited)",
					"@executable_path/Frameworks",
				);
				MARKETING_VERSION = 1.0;
				PRODUCT_BUNDLE_IDENTIFIER = "lol.Brockbuster-tvOS";
				PRODUCT_NAME = "$(TARGET_NAME)";
				SDKROOT = appletvos;
				SWIFT_EMIT_LOC_STRINGS = YES;
				SWIFT_VERSION = 5.0;
				TARGETED_DEVICE_FAMILY = 3;
				TVOS_DEPLOYMENT_TARGET = 18.5;
				VALIDATE_PRODUCT = YES;
			};
			name = Release;
		};
		C1C874B82F04A4C000ECEC07 /* Debug */ = {
			isa = XCBuildConfiguration;
			buildSettings = {
				BUNDLE_LOADER = "$(TEST_HOST)";
				CODE_SIGN_STYLE = Automatic;
				CURRENT_PROJECT_VERSION = 1;
				DEVELOPMENT_TEAM = 72SP356B46;
				GENERATE_INFOPLIST_FILE = YES;
				MARKETING_VERSION = 1.0;
				PRODUCT_BUNDLE_IDENTIFIER = "lol.Brockbuster-tvOSTests";
				PRODUCT_NAME = "$(TARGET_NAME)";
				SDKROOT = appletvos;
				SWIFT_EMIT_LOC_STRINGS = NO;
				SWIFT_VERSION = 5.0;
				TARGETED_DEVICE_FAMILY = 3;
				TEST_HOST = "$(BUILT_PRODUCTS_DIR)/Brockbuster-tvOS.app/$(BUNDLE_EXECUTABLE_FOLDER_PATH)/Brockbuster-tvOS";
				TVOS_DEPLOYMENT_TARGET = 18.5;
			};
			name = Debug;
		};
		C1C874B92F04A4C000ECEC07 /* Release */ = {
			isa = XCBuildConfiguration;
			buildSettings = {
				BUNDLE_LOADER = "$(TEST_HOST)";
				CODE_SIGN_STYLE = Automatic;
				CURRENT_PROJECT_VERSION = 1;
				DEVELOPMENT_TEAM = 72SP356B46;
				GENERATE_INFOPLIST_FILE = YES;
				MARKETING_VERSION = 1.0;
				PRODUCT_BUNDLE_IDENTIFIER = "lol.Brockbuster-tvOSTests";
				PRODUCT_NAME = "$(TARGET_NAME)";
				SDKROOT = appletvos;
				SWIFT_EMIT_LOC_STRINGS = NO;
				SWIFT_VERSION = 5.0;
				TARGETED_DEVICE_FAMILY = 3;
				TEST_HOST = "$(BUILT_PRODUCTS_DIR)/Brockbuster-tvOS.app/$(BUNDLE_EXECUTABLE_FOLDER_PATH)/Brockbuster-tvOS";
				TVOS_DEPLOYMENT_TARGET = 18.5;
				VALIDATE_PRODUCT = YES;
			};
			name = Release;
		};
		C1C874BB2F04A4C000ECEC07 /* Debug */ = {
			isa = XCBuildConfiguration;
			buildSettings = {
				CODE_SIGN_STYLE = Automatic;
				CURRENT_PROJECT_VERSION = 1;
				DEVELOPMENT_TEAM = 72SP356B46;
				GENERATE_INFOPLIST_FILE = YES;
				MARKETING_VERSION = 1.0;
				PRODUCT_BUNDLE_IDENTIFIER = "lol.Brockbuster-tvOSUITests";
				PRODUCT_NAME = "$(TARGET_NAME)";
				SDKROOT = appletvos;
				SWIFT_EMIT_LOC_STRINGS = NO;
				SWIFT_VERSION = 5.0;
				TARGETED_DEVICE_FAMILY = 3;
				TEST_TARGET_NAME = "Brockbuster-tvOS";
				TVOS_DEPLOYMENT_TARGET = 18.5;
			};
			name = Debug;
		};
		C1C874BC2F04A4C000ECEC07 /* Release */ = {
			isa = XCBuildConfiguration;
			buildSettings = {
				CODE_SIGN_STYLE = Automatic;
				CURRENT_PROJECT_VERSION = 1;
				DEVELOPMENT_TEAM = 72SP356B46;
				GENERATE_INFOPLIST_FILE = YES;
				MARKETING_VERSION = 1.0;
				PRODUCT_BUNDLE_IDENTIFIER = "lol.Brockbuster-tvOSUITests";
				PRODUCT_NAME = "$(TARGET_NAME)";
				SDKROOT = appletvos;
				SWIFT_EMIT_LOC_STRINGS = NO;
				SWIFT_VERSION = 5.0;
				TARGETED_DEVICE_FAMILY = 3;
				TEST_TARGET_NAME = "Brockbuster-tvOS";
				TVOS_DEPLOYMENT_TARGET = 18.5;
				VALIDATE_PRODUCT = YES;
			};
			name = Release;
		};
/* End XCBuildConfiguration section */

/* Begin XCConfigurationList section */
		C1C874622F04A3C200ECEC07 /* Build configuration list for PBXProject "Brockbuster" */ = {
			isa = XCConfigurationList;
			buildConfigurations = (
				C1C874872F04A3C400ECEC07 /* Debug */,
				C1C874882F04A3C400ECEC07 /* Release */,
			);
			defaultConfigurationIsVisible = 0;
			defaultConfigurationName = Release;
		};
		C1C874892F04A3C400ECEC07 /* Build configuration list for PBXNativeTarget "Brockbuster" */ = {
			isa = XCConfigurationList;
			buildConfigurations = (
				C1C8748A2F04A3C400ECEC07 /* Debug */,
				C1C8748B2F04A3C400ECEC07 /* Release */,
			);
			defaultConfigurationIsVisible = 0;
			defaultConfigurationName = Release;
		};
		C1C8748C2F04A3C400ECEC07 /* Build configuration list for PBXNativeTarget "BrockbusterTests" */ = {
			isa = XCConfigurationList;
			buildConfigurations = (
				C1C8748D2F04A3C400ECEC07 /* Debug */,
				C1C8748E2F04A3C400ECEC07 /* Release */,
			);
			defaultConfigurationIsVisible = 0;
			defaultConfigurationName = Release;
		};
		C1C8748F2F04A3C400ECEC07 /* Build configuration list for PBXNativeTarget "BrockbusterUITests" */ = {
			isa = XCConfigurationList;
			buildConfigurations = (
				C1C874902F04A3C400ECEC07 /* Debug */,
				C1C874912F04A3C400ECEC07 /* Release */,
			);
			defaultConfigurationIsVisible = 0;
			defaultConfigurationName = Release;
		};
		C1C874B42F04A4C000ECEC07 /* Build configuration list for PBXNativeTarget "Brockbuster-tvOS" */ = {
			isa = XCConfigurationList;
			buildConfigurations = (
				C1C874B52F04A4C000ECEC07 /* Debug */,
				C1C874B62F04A4C000ECEC07 /* Release */,
			);
			defaultConfigurationIsVisible = 0;
			defaultConfigurationName = Release;
		};
		C1C874B72F04A4C000ECEC07 /* Build configuration list for PBXNativeTarget "Brockbuster-tvOSTests" */ = {
			isa = XCConfigurationList;
			buildConfigurations = (
				C1C874B82F04A4C000ECEC07 /* Debug */,
				C1C874B92F04A4C000ECEC07 /* Release */,
			);
			defaultConfigurationIsVisible = 0;
			defaultConfigurationName = Release;
		};
		C1C874BA2F04A4C000ECEC07 /* Build configuration list for PBXNativeTarget "Brockbuster-tvOSUITests" */ = {
			isa = XCConfigurationList;
			buildConfigurations = (
				C1C874BB2F04A4C000ECEC07 /* Debug */,
				C1C874BC2F04A4C000ECEC07 /* Release */,
			);
			defaultConfigurationIsVisible = 0;
			defaultConfigurationName = Release;
		};
/* End XCConfigurationList section */
	};
	rootObject = C1C8745F2F04A3C200ECEC07 /* Project object */;
}
